// !$*UTF8*$!
{
	archiveVersion = 1;
	classes = {
	};
	objectVersion = 56;
	objects = {

/* Begin PBXBuildFile section */
		800E09892B2F0876001712D0 /* PrayResponse.swift in Sources */ = {isa = PBXBuildFile; fileRef = 800E09882B2F0876001712D0 /* PrayResponse.swift */; };
		800E09A62B2F64FF001712D0 /* LocationBox.swift in Sources */ = {isa = PBXBuildFile; fileRef = 800E09A52B2F64FF001712D0 /* LocationBox.swift */; };
		800E09A82B2F6829001712D0 /* LoginViewModel.swift in Sources */ = {isa = PBXBuildFile; fileRef = 800E09A72B2F6829001712D0 /* LoginViewModel.swift */; };
		8010AD4C2B2DF8AC0013BAAB /* AppDelegate.swift in Sources */ = {isa = PBXBuildFile; fileRef = 8010AD4B2B2DF8AC0013BAAB /* AppDelegate.swift */; };
		8010AD4E2B2DF8AC0013BAAB /* SceneDelegate.swift in Sources */ = {isa = PBXBuildFile; fileRef = 8010AD4D2B2DF8AC0013BAAB /* SceneDelegate.swift */; };
		8010AD502B2DF8AC0013BAAB /* LoginController.swift in Sources */ = {isa = PBXBuildFile; fileRef = 8010AD4F2B2DF8AC0013BAAB /* LoginController.swift */; };
		8010AD552B2DF8AD0013BAAB /* Assets.xcassets in Resources */ = {isa = PBXBuildFile; fileRef = 8010AD542B2DF8AD0013BAAB /* Assets.xcassets */; };
		8010AD582B2DF8AD0013BAAB /* LaunchScreen.storyboard in Resources */ = {isa = PBXBuildFile; fileRef = 8010AD562B2DF8AD0013BAAB /* LaunchScreen.storyboard */; };
		8010AD642B2DFCE90013BAAB /* BaseViewController.swift in Sources */ = {isa = PBXBuildFile; fileRef = 8010AD632B2DFCE90013BAAB /* BaseViewController.swift */; };
		8010AD672B2DFD4B0013BAAB /* LoginView.swift in Sources */ = {isa = PBXBuildFile; fileRef = 8010AD662B2DFD4B0013BAAB /* LoginView.swift */; };
		8010AD692B2DFDCA0013BAAB /* CitySelectionBox.swift in Sources */ = {isa = PBXBuildFile; fileRef = 8010AD682B2DFDCA0013BAAB /* CitySelectionBox.swift */; };
		805F0D302B3C35AF00FECEF6 /* TimeCell.swift in Sources */ = {isa = PBXBuildFile; fileRef = 805F0D2F2B3C35AF00FECEF6 /* TimeCell.swift */; };
		808421EC2B5FC7FB003CDE43 /* CityPickerView.swift in Sources */ = {isa = PBXBuildFile; fileRef = 808421EB2B5FC7FB003CDE43 /* CityPickerView.swift */; };
		808DB9512B3CC661000121D0 /* SwiftDate in Frameworks */ = {isa = PBXBuildFile; productRef = 808DB9502B3CC661000121D0 /* SwiftDate */; };
		808DB9542B3F1382000121D0 /* Date+Ext.swift in Sources */ = {isa = PBXBuildFile; fileRef = 808DB9532B3F1382000121D0 /* Date+Ext.swift */; };
		808DB9562B3F13A0000121D0 /* String+Ext.swift in Sources */ = {isa = PBXBuildFile; fileRef = 808DB9552B3F13A0000121D0 /* String+Ext.swift */; };
		80B4DBDB2B2EFC6E0028BD14 /* Constants.swift in Sources */ = {isa = PBXBuildFile; fileRef = 80B4DBDA2B2EFC6E0028BD14 /* Constants.swift */; };
		80B4DBDD2B2EFDC10028BD14 /* EndPoints.swift in Sources */ = {isa = PBXBuildFile; fileRef = 80B4DBDC2B2EFDC10028BD14 /* EndPoints.swift */; };
		80B4DBDF2B2F015B0028BD14 /* NetworkManager.swift in Sources */ = {isa = PBXBuildFile; fileRef = 80B4DBDE2B2F015B0028BD14 /* NetworkManager.swift */; };
		80F0E0162B2F946900B9D34A /* MainController.swift in Sources */ = {isa = PBXBuildFile; fileRef = 80F0E0152B2F946900B9D34A /* MainController.swift */; };
		80F0E0182B2F946C00B9D34A /* MainView.swift in Sources */ = {isa = PBXBuildFile; fileRef = 80F0E0172B2F946C00B9D34A /* MainView.swift */; };
		80F0E01C2B2F947A00B9D34A /* MainViewModel.swift in Sources */ = {isa = PBXBuildFile; fileRef = 80F0E01B2B2F947A00B9D34A /* MainViewModel.swift */; };
		80F78C862B3042B000128E0E /* DateManager.swift in Sources */ = {isa = PBXBuildFile; fileRef = 80F78C852B3042B000128E0E /* DateManager.swift */; };
/* End PBXBuildFile section */

/* Begin PBXFileReference section */
		800E09882B2F0876001712D0 /* PrayResponse.swift */ = {isa = PBXFileReference; lastKnownFileType = sourcecode.swift; path = PrayResponse.swift; sourceTree = "<group>"; };
		800E09A52B2F64FF001712D0 /* LocationBox.swift */ = {isa = PBXFileReference; lastKnownFileType = sourcecode.swift; path = LocationBox.swift; sourceTree = "<group>"; };
		800E09A72B2F6829001712D0 /* LoginViewModel.swift */ = {isa = PBXFileReference; lastKnownFileType = sourcecode.swift; path = LoginViewModel.swift; sourceTree = "<group>"; };
		8010AD482B2DF8AC0013BAAB /* NamazVakitleri.app */ = {isa = PBXFileReference; explicitFileType = wrapper.application; includeInIndex = 0; path = NamazVakitleri.app; sourceTree = BUILT_PRODUCTS_DIR; };
		8010AD4B2B2DF8AC0013BAAB /* AppDelegate.swift */ = {isa = PBXFileReference; lastKnownFileType = sourcecode.swift; path = AppDelegate.swift; sourceTree = "<group>"; };
		8010AD4D2B2DF8AC0013BAAB /* SceneDelegate.swift */ = {isa = PBXFileReference; lastKnownFileType = sourcecode.swift; path = SceneDelegate.swift; sourceTree = "<group>"; };
		8010AD4F2B2DF8AC0013BAAB /* LoginController.swift */ = {isa = PBXFileReference; lastKnownFileType = sourcecode.swift; path = LoginController.swift; sourceTree = "<group>"; };
		8010AD542B2DF8AD0013BAAB /* Assets.xcassets */ = {isa = PBXFileReference; lastKnownFileType = folder.assetcatalog; path = Assets.xcassets; sourceTree = "<group>"; };
		8010AD572B2DF8AD0013BAAB /* Base */ = {isa = PBXFileReference; lastKnownFileType = file.storyboard; name = Base; path = Base.lproj/LaunchScreen.storyboard; sourceTree = "<group>"; };
		8010AD592B2DF8AD0013BAAB /* Info.plist */ = {isa = PBXFileReference; lastKnownFileType = text.plist.xml; path = Info.plist; sourceTree = "<group>"; };
		8010AD632B2DFCE90013BAAB /* BaseViewController.swift */ = {isa = PBXFileReference; lastKnownFileType = sourcecode.swift; path = BaseViewController.swift; sourceTree = "<group>"; };
		8010AD662B2DFD4B0013BAAB /* LoginView.swift */ = {isa = PBXFileReference; lastKnownFileType = sourcecode.swift; path = LoginView.swift; sourceTree = "<group>"; };
		8010AD682B2DFDCA0013BAAB /* CitySelectionBox.swift */ = {isa = PBXFileReference; lastKnownFileType = sourcecode.swift; path = CitySelectionBox.swift; sourceTree = "<group>"; };
		805F0D2F2B3C35AF00FECEF6 /* TimeCell.swift */ = {isa = PBXFileReference; lastKnownFileType = sourcecode.swift; path = TimeCell.swift; sourceTree = "<group>"; };
		808421EB2B5FC7FB003CDE43 /* CityPickerView.swift */ = {isa = PBXFileReference; lastKnownFileType = sourcecode.swift; path = CityPickerView.swift; sourceTree = "<group>"; };
		808DB9532B3F1382000121D0 /* Date+Ext.swift */ = {isa = PBXFileReference; lastKnownFileType = sourcecode.swift; path = "Date+Ext.swift"; sourceTree = "<group>"; };
		808DB9552B3F13A0000121D0 /* String+Ext.swift */ = {isa = PBXFileReference; lastKnownFileType = sourcecode.swift; path = "String+Ext.swift"; sourceTree = "<group>"; };
		80B4DBDA2B2EFC6E0028BD14 /* Constants.swift */ = {isa = PBXFileReference; lastKnownFileType = sourcecode.swift; path = Constants.swift; sourceTree = "<group>"; };
		80B4DBDC2B2EFDC10028BD14 /* EndPoints.swift */ = {isa = PBXFileReference; lastKnownFileType = sourcecode.swift; path = EndPoints.swift; sourceTree = "<group>"; };
		80B4DBDE2B2F015B0028BD14 /* NetworkManager.swift */ = {isa = PBXFileReference; lastKnownFileType = sourcecode.swift; path = NetworkManager.swift; sourceTree = "<group>"; };
		80F0E0152B2F946900B9D34A /* MainController.swift */ = {isa = PBXFileReference; lastKnownFileType = sourcecode.swift; path = MainController.swift; sourceTree = "<group>"; };
		80F0E0172B2F946C00B9D34A /* MainView.swift */ = {isa = PBXFileReference; lastKnownFileType = sourcecode.swift; path = MainView.swift; sourceTree = "<group>"; };
		80F0E01B2B2F947A00B9D34A /* MainViewModel.swift */ = {isa = PBXFileReference; lastKnownFileType = sourcecode.swift; path = MainViewModel.swift; sourceTree = "<group>"; };
		80F78C852B3042B000128E0E /* DateManager.swift */ = {isa = PBXFileReference; lastKnownFileType = sourcecode.swift; path = DateManager.swift; sourceTree = "<group>"; };
/* End PBXFileReference section */

/* Begin PBXFrameworksBuildPhase section */
		8010AD452B2DF8AC0013BAAB /* Frameworks */ = {
			isa = PBXFrameworksBuildPhase;
			buildActionMask = 2147483647;
			files = (
				808DB9512B3CC661000121D0 /* SwiftDate in Frameworks */,
			);
			runOnlyForDeploymentPostprocessing = 0;
		};
/* End PBXFrameworksBuildPhase section */

/* Begin PBXGroup section */
		800E09A42B2F64E3001712D0 /* Components */ = {
			isa = PBXGroup;
			children = (
				8010AD682B2DFDCA0013BAAB /* CitySelectionBox.swift */,
				800E09A52B2F64FF001712D0 /* LocationBox.swift */,
			);
			path = Components;
			sourceTree = "<group>";
		};
		8010AD3F2B2DF8AC0013BAAB = {
			isa = PBXGroup;
			children = (
				8010AD4A2B2DF8AC0013BAAB /* NamazVakitleri */,
				8010AD492B2DF8AC0013BAAB /* Products */,
			);
			sourceTree = "<group>";
		};
		8010AD492B2DF8AC0013BAAB /* Products */ = {
			isa = PBXGroup;
			children = (
				8010AD482B2DF8AC0013BAAB /* NamazVakitleri.app */,
			);
			name = Products;
			sourceTree = "<group>";
		};
		8010AD4A2B2DF8AC0013BAAB /* NamazVakitleri */ = {
			isa = PBXGroup;
			children = (
				808DB9522B3F137B000121D0 /* Extensions */,
				80B4DBE02B2F085D0028BD14 /* Models */,
				8010AD622B2DF91A0013BAAB /* Core */,
				8010AD612B2DF9150013BAAB /* Utils */,
				8010AD602B2DF9120013BAAB /* Service */,
				8010AD5F2B2DF9040013BAAB /* Screens */,
				8010AD4B2B2DF8AC0013BAAB /* AppDelegate.swift */,
				8010AD4D2B2DF8AC0013BAAB /* SceneDelegate.swift */,
				8010AD542B2DF8AD0013BAAB /* Assets.xcassets */,
				8010AD562B2DF8AD0013BAAB /* LaunchScreen.storyboard */,
				8010AD592B2DF8AD0013BAAB /* Info.plist */,
				8010AD632B2DFCE90013BAAB /* BaseViewController.swift */,
			);
			path = NamazVakitleri;
			sourceTree = "<group>";
		};
		8010AD5F2B2DF9040013BAAB /* Screens */ = {
			isa = PBXGroup;
			children = (
				80F0E0142B2F945B00B9D34A /* MainScreen */,
				8010AD652B2DFD3D0013BAAB /* LoginScreen */,
			);
			path = Screens;
			sourceTree = "<group>";
		};
		8010AD602B2DF9120013BAAB /* Service */ = {
			isa = PBXGroup;
			children = (
				80B4DBDC2B2EFDC10028BD14 /* EndPoints.swift */,
				80B4DBDE2B2F015B0028BD14 /* NetworkManager.swift */,
			);
			path = Service;
			sourceTree = "<group>";
		};
		8010AD612B2DF9150013BAAB /* Utils */ = {
			isa = PBXGroup;
			children = (
				80B4DBDA2B2EFC6E0028BD14 /* Constants.swift */,
				80F78C852B3042B000128E0E /* DateManager.swift */,
			);
			path = Utils;
			sourceTree = "<group>";
		};
		8010AD622B2DF91A0013BAAB /* Core */ = {
			isa = PBXGroup;
			children = (
			);
			path = Core;
			sourceTree = "<group>";
		};
		8010AD652B2DFD3D0013BAAB /* LoginScreen */ = {
			isa = PBXGroup;
			children = (
				800E09A42B2F64E3001712D0 /* Components */,
				8010AD4F2B2DF8AC0013BAAB /* LoginController.swift */,
				8010AD662B2DFD4B0013BAAB /* LoginView.swift */,
				800E09A72B2F6829001712D0 /* LoginViewModel.swift */,
				808421EB2B5FC7FB003CDE43 /* CityPickerView.swift */,
			);
			path = LoginScreen;
			sourceTree = "<group>";
		};
		808DB9522B3F137B000121D0 /* Extensions */ = {
			isa = PBXGroup;
			children = (
				808DB9532B3F1382000121D0 /* Date+Ext.swift */,
				808DB9552B3F13A0000121D0 /* String+Ext.swift */,
			);
			path = Extensions;
			sourceTree = "<group>";
		};
		80B4DBE02B2F085D0028BD14 /* Models */ = {
			isa = PBXGroup;
			children = (
				800E09882B2F0876001712D0 /* PrayResponse.swift */,
			);
			path = Models;
			sourceTree = "<group>";
		};
		80F0E0142B2F945B00B9D34A /* MainScreen */ = {
			isa = PBXGroup;
			children = (
				80F0E0192B2F946E00B9D34A /* Components */,
				80F0E0152B2F946900B9D34A /* MainController.swift */,
				80F0E0172B2F946C00B9D34A /* MainView.swift */,
				80F0E01B2B2F947A00B9D34A /* MainViewModel.swift */,
			);
			path = MainScreen;
			sourceTree = "<group>";
		};
		80F0E0192B2F946E00B9D34A /* Components */ = {
			isa = PBXGroup;
			children = (
				805F0D2F2B3C35AF00FECEF6 /* TimeCell.swift */,
			);
			path = Components;
			sourceTree = "<group>";
		};
/* End PBXGroup section */

/* Begin PBXNativeTarget section */
		8010AD472B2DF8AC0013BAAB /* NamazVakitleri */ = {
			isa = PBXNativeTarget;
			buildConfigurationList = 8010AD5C2B2DF8AD0013BAAB /* Build configuration list for PBXNativeTarget "NamazVakitleri" */;
			buildPhases = (
				8010AD442B2DF8AC0013BAAB /* Sources */,
				8010AD452B2DF8AC0013BAAB /* Frameworks */,
				8010AD462B2DF8AC0013BAAB /* Resources */,
			);
			buildRules = (
			);
			dependencies = (
			);
			name = NamazVakitleri;
			packageProductDependencies = (
				808DB9502B3CC661000121D0 /* SwiftDate */,
			);
			productName = NamazVakitleri;
			productReference = 8010AD482B2DF8AC0013BAAB /* NamazVakitleri.app */;
			productType = "com.apple.product-type.application";
		};
/* End PBXNativeTarget section */

/* Begin PBXProject section */
		8010AD402B2DF8AC0013BAAB /* Project object */ = {
			isa = PBXProject;
			attributes = {
				BuildIndependentTargetsInParallel = 1;
				LastSwiftUpdateCheck = 1500;
				LastUpgradeCheck = 1500;
				TargetAttributes = {
					8010AD472B2DF8AC0013BAAB = {
						CreatedOnToolsVersion = 15.0;
					};
				};
			};
			buildConfigurationList = 8010AD432B2DF8AC0013BAAB /* Build configuration list for PBXProject "NamazVakitleri" */;
			compatibilityVersion = "Xcode 14.0";
			developmentRegion = en;
			hasScannedForEncodings = 0;
			knownRegions = (
				en,
				Base,
			);
			mainGroup = 8010AD3F2B2DF8AC0013BAAB;
			packageReferences = (
				808DB94F2B3CC661000121D0 /* XCRemoteSwiftPackageReference "SwiftDate" */,
			);
			productRefGroup = 8010AD492B2DF8AC0013BAAB /* Products */;
			projectDirPath = "";
			projectRoot = "";
			targets = (
				8010AD472B2DF8AC0013BAAB /* NamazVakitleri */,
			);
		};
/* End PBXProject section */

/* Begin PBXResourcesBuildPhase section */
		8010AD462B2DF8AC0013BAAB /* Resources */ = {
			isa = PBXResourcesBuildPhase;
			buildActionMask = 2147483647;
			files = (
				8010AD582B2DF8AD0013BAAB /* LaunchScreen.storyboard in Resources */,
				8010AD552B2DF8AD0013BAAB /* Assets.xcassets in Resources */,
			);
			runOnlyForDeploymentPostprocessing = 0;
		};
/* End PBXResourcesBuildPhase section */

/* Begin PBXSourcesBuildPhase section */
		8010AD442B2DF8AC0013BAAB /* Sources */ = {
			isa = PBXSourcesBuildPhase;
			buildActionMask = 2147483647;
			files = (
				80B4DBDF2B2F015B0028BD14 /* NetworkManager.swift in Sources */,
				808421EC2B5FC7FB003CDE43 /* CityPickerView.swift in Sources */,
				80F0E0182B2F946C00B9D34A /* MainView.swift in Sources */,
				8010AD692B2DFDCA0013BAAB /* CitySelectionBox.swift in Sources */,
				8010AD502B2DF8AC0013BAAB /* LoginController.swift in Sources */,
				805F0D302B3C35AF00FECEF6 /* TimeCell.swift in Sources */,
				8010AD642B2DFCE90013BAAB /* BaseViewController.swift in Sources */,
				80F78C862B3042B000128E0E /* DateManager.swift in Sources */,
				80F0E01C2B2F947A00B9D34A /* MainViewModel.swift in Sources */,
				800E09892B2F0876001712D0 /* PrayResponse.swift in Sources */,
				808DB9542B3F1382000121D0 /* Date+Ext.swift in Sources */,
				8010AD4C2B2DF8AC0013BAAB /* AppDelegate.swift in Sources */,
				80B4DBDB2B2EFC6E0028BD14 /* Constants.swift in Sources */,
				8010AD672B2DFD4B0013BAAB /* LoginView.swift in Sources */,
				808DB9562B3F13A0000121D0 /* String+Ext.swift in Sources */,
				800E09A82B2F6829001712D0 /* LoginViewModel.swift in Sources */,
				80B4DBDD2B2EFDC10028BD14 /* EndPoints.swift in Sources */,
				8010AD4E2B2DF8AC0013BAAB /* SceneDelegate.swift in Sources */,
				80F0E0162B2F946900B9D34A /* MainController.swift in Sources */,
				800E09A62B2F64FF001712D0 /* LocationBox.swift in Sources */,
			);
			runOnlyForDeploymentPostprocessing = 0;
		};
/* End PBXSourcesBuildPhase section */

/* Begin PBXVariantGroup section */
		8010AD562B2DF8AD0013BAAB /* LaunchScreen.storyboard */ = {
			isa = PBXVariantGroup;
			children = (
				8010AD572B2DF8AD0013BAAB /* Base */,
			);
			name = LaunchScreen.storyboard;
			sourceTree = "<group>";
		};
/* End PBXVariantGroup section */

/* Begin XCBuildConfiguration section */
		8010AD5A2B2DF8AD0013BAAB /* Debug */ = {
			isa = XCBuildConfiguration;
			buildSettings = {
				ALWAYS_SEARCH_USER_PATHS = NO;
				ASSETCATALOG_COMPILER_GENERATE_SWIFT_ASSET_SYMBOL_EXTENSIONS = YES;
				CLANG_ANALYZER_NONNULL = YES;
				CLANG_ANALYZER_NUMBER_OBJECT_CONVERSION = YES_AGGRESSIVE;
				CLANG_CXX_LANGUAGE_STANDARD = "gnu++20";
				CLANG_ENABLE_MODULES = YES;
				CLANG_ENABLE_OBJC_ARC = YES;
				CLANG_ENABLE_OBJC_WEAK = YES;
				CLANG_WARN_BLOCK_CAPTURE_AUTORELEASING = YES;
				CLANG_WARN_BOOL_CONVERSION = YES;
				CLANG_WARN_COMMA = YES;
				CLANG_WARN_CONSTANT_CONVERSION = YES;
				CLANG_WARN_DEPRECATED_OBJC_IMPLEMENTATIONS = YES;
				CLANG_WARN_DIRECT_OBJC_ISA_USAGE = YES_ERROR;
				CLANG_WARN_DOCUMENTATION_COMMENTS = YES;
				CLANG_WARN_EMPTY_BODY = YES;
				CLANG_WARN_ENUM_CONVERSION = YES;
				CLANG_WARN_INFINITE_RECURSION = YES;
				CLANG_WARN_INT_CONVERSION = YES;
				CLANG_WARN_NON_LITERAL_NULL_CONVERSION = YES;
				CLANG_WARN_OBJC_IMPLICIT_RETAIN_SELF = YES;
				CLANG_WARN_OBJC_LITERAL_CONVERSION = YES;
				CLANG_WARN_OBJC_ROOT_CLASS = YES_ERROR;
				CLANG_WARN_QUOTED_INCLUDE_IN_FRAMEWORK_HEADER = YES;
				CLANG_WARN_RANGE_LOOP_ANALYSIS = YES;
				CLANG_WARN_STRICT_PROTOTYPES = YES;
				CLANG_WARN_SUSPICIOUS_MOVE = YES;
				CLANG_WARN_UNGUARDED_AVAILABILITY = YES_AGGRESSIVE;
				CLANG_WARN_UNREACHABLE_CODE = YES;
				CLANG_WARN__DUPLICATE_METHOD_MATCH = YES;
				COPY_PHASE_STRIP = NO;
				DEBUG_INFORMATION_FORMAT = dwarf;
				ENABLE_STRICT_OBJC_MSGSEND = YES;
				ENABLE_TESTABILITY = YES;
				ENABLE_USER_SCRIPT_SANDBOXING = YES;
				GCC_C_LANGUAGE_STANDARD = gnu17;
				GCC_DYNAMIC_NO_PIC = NO;
				GCC_NO_COMMON_BLOCKS = YES;
				GCC_OPTIMIZATION_LEVEL = 0;
				GCC_PREPROCESSOR_DEFINITIONS = (
					"DEBUG=1",
					"$(inherited)",
				);
				GCC_WARN_64_TO_32_BIT_CONVERSION = YES;
				GCC_WARN_ABOUT_RETURN_TYPE = YES_ERROR;
				GCC_WARN_UNDECLARED_SELECTOR = YES;
				GCC_WARN_UNINITIALIZED_AUTOS = YES_AGGRESSIVE;
				GCC_WARN_UNUSED_FUNCTION = YES;
				GCC_WARN_UNUSED_VARIABLE = YES;
				IPHONEOS_DEPLOYMENT_TARGET = 17.0;
				LOCALIZATION_PREFERS_STRING_CATALOGS = YES;
				MTL_ENABLE_DEBUG_INFO = INCLUDE_SOURCE;
				MTL_FAST_MATH = YES;
				ONLY_ACTIVE_ARCH = YES;
				SDKROOT = iphoneos;
				SWIFT_ACTIVE_COMPILATION_CONDITIONS = "DEBUG $(inherited)";
				SWIFT_OPTIMIZATION_LEVEL = "-Onone";
			};
			name = Debug;
		};
		8010AD5B2B2DF8AD0013BAAB /* Release */ = {
			isa = XCBuildConfiguration;
			buildSettings = {
				ALWAYS_SEARCH_USER_PATHS = NO;
				ASSETCATALOG_COMPILER_GENERATE_SWIFT_ASSET_SYMBOL_EXTENSIONS = YES;
				CLANG_ANALYZER_NONNULL = YES;
				CLANG_ANALYZER_NUMBER_OBJECT_CONVERSION = YES_AGGRESSIVE;
				CLANG_CXX_LANGUAGE_STANDARD = "gnu++20";
				CLANG_ENABLE_MODULES = YES;
				CLANG_ENABLE_OBJC_ARC = YES;
				CLANG_ENABLE_OBJC_WEAK = YES;
				CLANG_WARN_BLOCK_CAPTURE_AUTORELEASING = YES;
				CLANG_WARN_BOOL_CONVERSION = YES;
				CLANG_WARN_COMMA = YES;
				CLANG_WARN_CONSTANT_CONVERSION = YES;
				CLANG_WARN_DEPRECATED_OBJC_IMPLEMENTATIONS = YES;
				CLANG_WARN_DIRECT_OBJC_ISA_USAGE = YES_ERROR;
				CLANG_WARN_DOCUMENTATION_COMMENTS = YES;
				CLANG_WARN_EMPTY_BODY = YES;
				CLANG_WARN_ENUM_CONVERSION = YES;
				CLANG_WARN_INFINITE_RECURSION = YES;
				CLANG_WARN_INT_CONVERSION = YES;
				CLANG_WARN_NON_LITERAL_NULL_CONVERSION = YES;
				CLANG_WARN_OBJC_IMPLICIT_RETAIN_SELF = YES;
				CLANG_WARN_OBJC_LITERAL_CONVERSION = YES;
				CLANG_WARN_OBJC_ROOT_CLASS = YES_ERROR;
				CLANG_WARN_QUOTED_INCLUDE_IN_FRAMEWORK_HEADER = YES;
				CLANG_WARN_RANGE_LOOP_ANALYSIS = YES;
				CLANG_WARN_STRICT_PROTOTYPES = YES;
				CLANG_WARN_SUSPICIOUS_MOVE = YES;
				CLANG_WARN_UNGUARDED_AVAILABILITY = YES_AGGRESSIVE;
				CLANG_WARN_UNREACHABLE_CODE = YES;
				CLANG_WARN__DUPLICATE_METHOD_MATCH = YES;
				COPY_PHASE_STRIP = NO;
				DEBUG_INFORMATION_FORMAT = "dwarf-with-dsym";
				ENABLE_NS_ASSERTIONS = NO;
				ENABLE_STRICT_OBJC_MSGSEND = YES;
				ENABLE_USER_SCRIPT_SANDBOXING = YES;
				GCC_C_LANGUAGE_STANDARD = gnu17;
				GCC_NO_COMMON_BLOCKS = YES;
				GCC_WARN_64_TO_32_BIT_CONVERSION = YES;
				GCC_WARN_ABOUT_RETURN_TYPE = YES_ERROR;
				GCC_WARN_UNDECLARED_SELECTOR = YES;
				GCC_WARN_UNINITIALIZED_AUTOS = YES_AGGRESSIVE;
				GCC_WARN_UNUSED_FUNCTION = YES;
				GCC_WARN_UNUSED_VARIABLE = YES;
				IPHONEOS_DEPLOYMENT_TARGET = 17.0;
				LOCALIZATION_PREFERS_STRING_CATALOGS = YES;
				MTL_ENABLE_DEBUG_INFO = NO;
				MTL_FAST_MATH = YES;
				SDKROOT = iphoneos;
				SWIFT_COMPILATION_MODE = wholemodule;
				VALIDATE_PRODUCT = YES;
			};
			name = Release;
		};
		8010AD5D2B2DF8AD0013BAAB /* Debug */ = {
			isa = XCBuildConfiguration;
			buildSettings = {
				ASSETCATALOG_COMPILER_APPICON_NAME = AppIcon;
				ASSETCATALOG_COMPILER_GLOBAL_ACCENT_COLOR_NAME = AccentColor;
				CODE_SIGN_STYLE = Automatic;
				CURRENT_PROJECT_VERSION = 1;
				DEVELOPMENT_TEAM = 936XSD7LYL;
				GENERATE_INFOPLIST_FILE = YES;
				INFOPLIST_FILE = NamazVakitleri/Info.plist;
				INFOPLIST_KEY_UIApplicationSupportsIndirectInputEvents = YES;
				INFOPLIST_KEY_UILaunchStoryboardName = LaunchScreen;
				INFOPLIST_KEY_UISupportedInterfaceOrientations_iPad = "UIInterfaceOrientationPortrait UIInterfaceOrientationPortraitUpsideDown UIInterfaceOrientationLandscapeLeft UIInterfaceOrientationLandscapeRight";
				INFOPLIST_KEY_UISupportedInterfaceOrientations_iPhone = "UIInterfaceOrientationPortrait UIInterfaceOrientationLandscapeLeft UIInterfaceOrientationLandscapeRight";
				LD_RUNPATH_SEARCH_PATHS = (
					"$(inherited)",
					"@executable_path/Frameworks",
				);
				MARKETING_VERSION = 1.0;
				PRODUCT_BUNDLE_IDENTIFIER = com.ibrahimmbyrrm.NamazVakitleri;
				PRODUCT_NAME = "$(TARGET_NAME)";
				SWIFT_EMIT_LOC_STRINGS = YES;
				SWIFT_VERSION = 5.0;
				TARGETED_DEVICE_FAMILY = "1,2";
			};
			name = Debug;
		};
		8010AD5E2B2DF8AD0013BAAB /* Release */ = {
			isa = XCBuildConfiguration;
			buildSettings = {
				ASSETCATALOG_COMPILER_APPICON_NAME = AppIcon;
				ASSETCATALOG_COMPILER_GLOBAL_ACCENT_COLOR_NAME = AccentColor;
				CODE_SIGN_STYLE = Automatic;
				CURRENT_PROJECT_VERSION = 1;
				DEVELOPMENT_TEAM = 936XSD7LYL;
				GENERATE_INFOPLIST_FILE = YES;
				INFOPLIST_FILE = NamazVakitleri/Info.plist;
				INFOPLIST_KEY_UIApplicationSupportsIndirectInputEvents = YES;
				INFOPLIST_KEY_UILaunchStoryboardName = LaunchScreen;
				INFOPLIST_KEY_UISupportedInterfaceOrientations_iPad = "UIInterfaceOrientationPortrait UIInterfaceOrientationPortraitUpsideDown UIInterfaceOrientationLandscapeLeft UIInterfaceOrientationLandscapeRight";
				INFOPLIST_KEY_UISupportedInterfaceOrientations_iPhone = "UIInterfaceOrientationPortrait UIInterfaceOrientationLandscapeLeft UIInterfaceOrientationLandscapeRight";
				LD_RUNPATH_SEARCH_PATHS = (
					"$(inherited)",
					"@executable_path/Frameworks",
				);
				MARKETING_VERSION = 1.0;
				PRODUCT_BUNDLE_IDENTIFIER = com.ibrahimmbyrrm.NamazVakitleri;
				PRODUCT_NAME = "$(TARGET_NAME)";
				SWIFT_EMIT_LOC_STRINGS = YES;
				SWIFT_VERSION = 5.0;
				TARGETED_DEVICE_FAMILY = "1,2";
			};
			name = Release;
		};
/* End XCBuildConfiguration section */

/* Begin XCConfigurationList section */
		8010AD432B2DF8AC0013BAAB /* Build configuration list for PBXProject "NamazVakitleri" */ = {
			isa = XCConfigurationList;
			buildConfigurations = (
				8010AD5A2B2DF8AD0013BAAB /* Debug */,
				8010AD5B2B2DF8AD0013BAAB /* Release */,
			);
			defaultConfigurationIsVisible = 0;
			defaultConfigurationName = Release;
		};
		8010AD5C2B2DF8AD0013BAAB /* Build configuration list for PBXNativeTarget "NamazVakitleri" */ = {
			isa = XCConfigurationList;
			buildConfigurations = (
				8010AD5D2B2DF8AD0013BAAB /* Debug */,
				8010AD5E2B2DF8AD0013BAAB /* Release */,
			);
			defaultConfigurationIsVisible = 0;
			defaultConfigurationName = Release;
		};
/* End XCConfigurationList section */

/* Begin XCRemoteSwiftPackageReference section */
		808DB94F2B3CC661000121D0 /* XCRemoteSwiftPackageReference "SwiftDate" */ = {
			isa = XCRemoteSwiftPackageReference;
			repositoryURL = "https://github.com/malcommac/SwiftDate.git";
			requirement = {
				kind = upToNextMajorVersion;
				minimumVersion = 7.0.0;
			};
		};
/* End XCRemoteSwiftPackageReference section */

/* Begin XCSwiftPackageProductDependency section */
		808DB9502B3CC661000121D0 /* SwiftDate */ = {
			isa = XCSwiftPackageProductDependency;
			package = 808DB94F2B3CC661000121D0 /* XCRemoteSwiftPackageReference "SwiftDate" */;
			productName = SwiftDate;
		};
/* End XCSwiftPackageProductDependency section */
	};
	rootObject = 8010AD402B2DF8AC0013BAAB /* Project object */;
}
